
Microsoft Visual Studio Solution File, Format Version 12.00
# Visual Studio 15
Project("{FAE04EC0-301F-11D3-BF4B-00C04F79EFBC}") = "idb-dialog-flow", "idb-dialog-flow.csproj", "{DFB4EC74-C912-474C-A461-302B397DE695}"
EndProject
Global
	GlobalSection(SolutionConfigurationPlatforms) = preSolution
		Debug|Any CPU = Debug|Any CPU
		Release|Any CPU = Release|Any CPU
	EndGlobalSection
	GlobalSection(ProjectConfigurationPlatforms) = postSolution
		{DFB4EC74-C912-474C-A461-302B397DE695}.Debug|Any CPU.ActiveCfg = Debug|Any CPU
		{DFB4EC74-C912-474C-A461-302B397DE695}.Debug|Any CPU.Build.0 = Debug|Any CPU
		{DFB4EC74-C912-474C-A461-302B397DE695}.Release|Any CPU.ActiveCfg = Release|Any CPU
		{DFB4EC74-C912-474C-A461-302B397DE695}.Release|Any CPU.Build.0 = Release|Any CPU
	EndGlobalSection
EndGlobal
